
Microsoft Visual Studio Solution File, Format Version 12.00
# Visual Studio 2013
VisualStudioVersion = 12.0.31101.0
MinimumVisualStudioVersion = 10.0.40219.1
Project("{FAE04EC0-301F-11D3-BF4B-00C04F79EFBC}") = "DropNet.Tests", "DropNet.Tests\DropNet.Tests.csproj", "{06B6BC2F-94D5-456A-ABA7-F73FB28B4703}"
EndProject
Project("{2150E333-8FDC-42A3-9474-1A3956D46DE8}") = "NuGet", "NuGet", "{61EE82C6-B07F-4F79-81FD-E028D60D4977}"
	ProjectSection(SolutionItems) = preProject
		dropnet.nuspec = dropnet.nuspec
	EndProjectSection
EndProject
Project("{FAE04EC0-301F-11D3-BF4B-00C04F79EFBC}") = "DropNet.Portable", "DropNet\DropNet.Portable.csproj", "{15E8469F-7219-4C16-AACD-8B2A5D463501}"
EndProject
Project("{2150E333-8FDC-42A3-9474-1A3956D46DE8}") = ".nuget", ".nuget", "{9EC96C34-A905-4403-AAD0-82480AE58E85}"
	ProjectSection(SolutionItems) = preProject
		.nuget\NuGet.Config = .nuget\NuGet.Config
		.nuget\NuGet.exe = .nuget\NuGet.exe
		.nuget\NuGet.targets = .nuget\NuGet.targets
	EndProjectSection
EndProject
Global
	GlobalSection(SolutionConfigurationPlatforms) = preSolution
		Debug|Any CPU = Debug|Any CPU
		Debug|ARM = Debug|ARM
		Debug|x64 = Debug|x64
		Debug|x86 = Debug|x86
		Release|Any CPU = Release|Any CPU
		Release|ARM = Release|ARM
		Release|x64 = Release|x64
		Release|x86 = Release|x86
	EndGlobalSection
	GlobalSection(ProjectConfigurationPlatforms) = postSolution
		{06B6BC2F-94D5-456A-ABA7-F73FB28B4703}.Debug|Any CPU.ActiveCfg = Debug|Any CPU
		{06B6BC2F-94D5-456A-ABA7-F73FB28B4703}.Debug|Any CPU.Build.0 = Debug|Any CPU
		{06B6BC2F-94D5-456A-ABA7-F73FB28B4703}.Debug|ARM.ActiveCfg = Debug|Any CPU
		{06B6BC2F-94D5-456A-ABA7-F73FB28B4703}.Debug|x64.ActiveCfg = Debug|Any CPU
		{06B6BC2F-94D5-456A-ABA7-F73FB28B4703}.Debug|x86.ActiveCfg = Debug|Any CPU
		{06B6BC2F-94D5-456A-ABA7-F73FB28B4703}.Release|Any CPU.ActiveCfg = Release|Any CPU
		{06B6BC2F-94D5-456A-ABA7-F73FB28B4703}.Release|Any CPU.Build.0 = Release|Any CPU
		{06B6BC2F-94D5-456A-ABA7-F73FB28B4703}.Release|ARM.ActiveCfg = Release|Any CPU
		{06B6BC2F-94D5-456A-ABA7-F73FB28B4703}.Release|x64.ActiveCfg = Release|Any CPU
		{06B6BC2F-94D5-456A-ABA7-F73FB28B4703}.Release|x86.ActiveCfg = Release|Any CPU
		{15E8469F-7219-4C16-AACD-8B2A5D463501}.Debug|Any CPU.ActiveCfg = Debug|Any CPU
		{15E8469F-7219-4C16-AACD-8B2A5D463501}.Debug|Any CPU.Build.0 = Debug|Any CPU
		{15E8469F-7219-4C16-AACD-8B2A5D463501}.Debug|ARM.ActiveCfg = Debug|Any CPU
		{15E8469F-7219-4C16-AACD-8B2A5D463501}.Debug|x64.ActiveCfg = Debug|Any CPU
		{15E8469F-7219-4C16-AACD-8B2A5D463501}.Debug|x86.ActiveCfg = Debug|Any CPU
		{15E8469F-7219-4C16-AACD-8B2A5D463501}.Release|Any CPU.ActiveCfg = Release|Any CPU
		{15E8469F-7219-4C16-AACD-8B2A5D463501}.Release|Any CPU.Build.0 = Release|Any CPU
		{15E8469F-7219-4C16-AACD-8B2A5D463501}.Release|ARM.ActiveCfg = Release|Any CPU
		{15E8469F-7219-4C16-AACD-8B2A5D463501}.Release|x64.ActiveCfg = Release|Any CPU
		{15E8469F-7219-4C16-AACD-8B2A5D463501}.Release|x86.ActiveCfg = Release|Any CPU
	EndGlobalSection
	GlobalSection(SolutionProperties) = preSolution
		HideSolutionNode = FALSE
	EndGlobalSection
	GlobalSection(TestCaseManagementSettings) = postSolution
		CategoryFile = DropNet.vsmdi
	EndGlobalSection
EndGlobal
